
Microsoft Visual Studio Solution File, Format Version 12.00
# Visual Studio Version 17
VisualStudioVersion = 17.0.31919.166
MinimumVisualStudioVersion = 10.0.40219.1
Project("{FAE04EC0-301F-11D3-BF4B-00C04F79EFBC}") = "OutputMotorcyclesFromDatabase", "OutputMotorcyclesFromDatabase\OutputMotorcyclesFromDatabase.csproj", "{7DFDD10E-32F9-4FC9-A92B-6581369C5DBC}"
EndProject
Global
	GlobalSection(SolutionConfigurationPlatforms) = preSolution
		Debug|Any CPU = Debug|Any CPU
		Release|Any CPU = Release|Any CPU
	EndGlobalSection
	GlobalSection(ProjectConfigurationPlatforms) = postSolution
		{7DFDD10E-32F9-4FC9-A92B-6581369C5DBC}.Debug|Any CPU.ActiveCfg = Debug|Any CPU
		{7DFDD10E-32F9-4FC9-A92B-6581369C5DBC}.Debug|Any CPU.Build.0 = Debug|Any CPU
		{7DFDD10E-32F9-4FC9-A92B-6581369C5DBC}.Release|Any CPU.ActiveCfg = Release|Any CPU
		{7DFDD10E-32F9-4FC9-A92B-6581369C5DBC}.Release|Any CPU.Build.0 = Release|Any CPU
	EndGlobalSection
	GlobalSection(SolutionProperties) = preSolution
		HideSolutionNode = FALSE
	EndGlobalSection
	GlobalSection(ExtensibilityGlobals) = postSolution
		SolutionGuid = {BE729607-7383-4B37-AF15-12C1B0C6577B}
	EndGlobalSection
EndGlobal
